
Microsoft Visual Studio Solution File, Format Version 12.00
# Visual Studio Version 17
VisualStudioVersion = 17.4.33213.308
MinimumVisualStudioVersion = 10.0.40219.1
Project("{9A19103F-16F7-4668-BE54-9A1E7A4F7556}") = "Utils.TableHelper.Automation", "Utils.TableHelper.Automation\Utils.TableHelper.Automation.csproj", "{7655EE28-B16C-45A2-A7DA-9B7A6CAF0D1B}"
EndProject
Project("{2150E333-8FDC-42A3-9474-1A3956D46DE8}") = "Solution Items", "Solution Items", "{8A381D7B-3CEF-4E92-9BAC-D3B22CC09801}"
	ProjectSection(SolutionItems) = preProject
		LICENSE = LICENSE
		README.md = README.md
	EndProjectSection
EndProject
Global
	GlobalSection(SolutionConfigurationPlatforms) = preSolution
		Debug|Any CPU = Debug|Any CPU
		Release|Any CPU = Release|Any CPU
	EndGlobalSection
	GlobalSection(ProjectConfigurationPlatforms) = postSolution
		{7655EE28-B16C-45A2-A7DA-9B7A6CAF0D1B}.Debug|Any CPU.ActiveCfg = Debug|Any CPU
		{7655EE28-B16C-45A2-A7DA-9B7A6CAF0D1B}.Debug|Any CPU.Build.0 = Debug|Any CPU
		{7655EE28-B16C-45A2-A7DA-9B7A6CAF0D1B}.Release|Any CPU.ActiveCfg = Release|Any CPU
		{7655EE28-B16C-45A2-A7DA-9B7A6CAF0D1B}.Release|Any CPU.Build.0 = Release|Any CPU
	EndGlobalSection
	GlobalSection(SolutionProperties) = preSolution
		HideSolutionNode = FALSE
	EndGlobalSection
	GlobalSection(ExtensibilityGlobals) = postSolution
		SolutionGuid = {A5309C12-7CA5-4718-AA1E-CDF68C1F3549}
	EndGlobalSection
EndGlobal
